// !$*UTF8*$!
{
	archiveVersion = 1;
	classes = {
	};
	objectVersion = 55;
	objects = {

/* Begin PBXBuildFile section */
		E834382627FD243600B720D8 /* AppDelegate.swift in Sources */ = {isa = PBXBuildFile; fileRef = E834382527FD243600B720D8 /* AppDelegate.swift */; };
		E834382827FD243600B720D8 /* SceneDelegate.swift in Sources */ = {isa = PBXBuildFile; fileRef = E834382727FD243600B720D8 /* SceneDelegate.swift */; };
		E834382D27FD243600B720D8 /* Main.storyboard in Resources */ = {isa = PBXBuildFile; fileRef = E834382B27FD243600B720D8 /* Main.storyboard */; };
		E834382F27FD243700B720D8 /* Assets.xcassets in Resources */ = {isa = PBXBuildFile; fileRef = E834382E27FD243700B720D8 /* Assets.xcassets */; };
		E834383227FD243700B720D8 /* LaunchScreen.storyboard in Resources */ = {isa = PBXBuildFile; fileRef = E834383027FD243700B720D8 /* LaunchScreen.storyboard */; };
		E834383A27FD254A00B720D8 /* EnteranceViewController.swift in Sources */ = {isa = PBXBuildFile; fileRef = E834383927FD254A00B720D8 /* EnteranceViewController.swift */; };
		E834383D27FD399900B720D8 /* MineSweeperViewController.swift in Sources */ = {isa = PBXBuildFile; fileRef = E834383C27FD399900B720D8 /* MineSweeperViewController.swift */; };
		E834383F27FD39D700B720D8 /* MineSweeper.swift in Sources */ = {isa = PBXBuildFile; fileRef = E834383E27FD39D700B720D8 /* MineSweeper.swift */; };
/* End PBXBuildFile section */

/* Begin PBXFileReference section */
		E834382227FD243600B720D8 /* MiniGames.app */ = {isa = PBXFileReference; explicitFileType = wrapper.application; includeInIndex = 0; path = MiniGames.app; sourceTree = BUILT_PRODUCTS_DIR; };
		E834382527FD243600B720D8 /* AppDelegate.swift */ = {isa = PBXFileReference; lastKnownFileType = sourcecode.swift; path = AppDelegate.swift; sourceTree = "<group>"; };
		E834382727FD243600B720D8 /* SceneDelegate.swift */ = {isa = PBXFileReference; lastKnownFileType = sourcecode.swift; path = SceneDelegate.swift; sourceTree = "<group>"; };
		E834382C27FD243600B720D8 /* Base */ = {isa = PBXFileReference; lastKnownFileType = file.storyboard; name = Base; path = Base.lproj/Main.storyboard; sourceTree = "<group>"; };
		E834382E27FD243700B720D8 /* Assets.xcassets */ = {isa = PBXFileReference; lastKnownFileType = folder.assetcatalog; path = Assets.xcassets; sourceTree = "<group>"; };
		E834383127FD243700B720D8 /* Base */ = {isa = PBXFileReference; lastKnownFileType = file.storyboard; name = Base; path = Base.lproj/LaunchScreen.storyboard; sourceTree = "<group>"; };
		E834383327FD243700B720D8 /* Info.plist */ = {isa = PBXFileReference; lastKnownFileType = text.plist.xml; path = Info.plist; sourceTree = "<group>"; };
		E834383927FD254A00B720D8 /* EnteranceViewController.swift */ = {isa = PBXFileReference; lastKnownFileType = sourcecode.swift; path = EnteranceViewController.swift; sourceTree = "<group>"; };
		E834383C27FD399900B720D8 /* MineSweeperViewController.swift */ = {isa = PBXFileReference; lastKnownFileType = sourcecode.swift; path = MineSweeperViewController.swift; sourceTree = "<group>"; };
		E834383E27FD39D700B720D8 /* MineSweeper.swift */ = {isa = PBXFileReference; lastKnownFileType = sourcecode.swift; path = MineSweeper.swift; sourceTree = "<group>"; };
/* End PBXFileReference section */

/* Begin PBXFrameworksBuildPhase section */
		E834381F27FD243600B720D8 /* Frameworks */ = {
			isa = PBXFrameworksBuildPhase;
			buildActionMask = 2147483647;
			files = (
			);
			runOnlyForDeploymentPostprocessing = 0;
		};
/* End PBXFrameworksBuildPhase section */

/* Begin PBXGroup section */
		E834381927FD243600B720D8 = {
			isa = PBXGroup;
			children = (
				E834382427FD243600B720D8 /* MiniGames */,
				E834382327FD243600B720D8 /* Products */,
			);
			sourceTree = "<group>";
		};
		E834382327FD243600B720D8 /* Products */ = {
			isa = PBXGroup;
			children = (
				E834382227FD243600B720D8 /* MiniGames.app */,
			);
			name = Products;
			sourceTree = "<group>";
		};
		E834382427FD243600B720D8 /* MiniGames */ = {
			isa = PBXGroup;
			children = (
				E834383B27FD394200B720D8 /* MineSweeper */,
				E834382527FD243600B720D8 /* AppDelegate.swift */,
				E834382727FD243600B720D8 /* SceneDelegate.swift */,
				E834383927FD254A00B720D8 /* EnteranceViewController.swift */,
				E834382B27FD243600B720D8 /* Main.storyboard */,
				E834382E27FD243700B720D8 /* Assets.xcassets */,
				E834383027FD243700B720D8 /* LaunchScreen.storyboard */,
				E834383327FD243700B720D8 /* Info.plist */,
			);
			path = MiniGames;
			sourceTree = "<group>";
		};
		E834383B27FD394200B720D8 /* MineSweeper */ = {
			isa = PBXGroup;
			children = (
				E834383E27FD39D700B720D8 /* MineSweeper.swift */,
				E834383C27FD399900B720D8 /* MineSweeperViewController.swift */,
			);
			path = MineSweeper;
			sourceTree = "<group>";
		};
/* End PBXGroup section */

/* Begin PBXNativeTarget section */
		E834382127FD243600B720D8 /* MiniGames */ = {
			isa = PBXNativeTarget;
			buildConfigurationList = E834383627FD243700B720D8 /* Build configuration list for PBXNativeTarget "MiniGames" */;
			buildPhases = (
				E834381E27FD243600B720D8 /* Sources */,
				E834381F27FD243600B720D8 /* Frameworks */,
				E834382027FD243600B720D8 /* Resources */,
			);
			buildRules = (
			);
			dependencies = (
			);
			name = MiniGames;
			productName = MiniGames;
			productReference = E834382227FD243600B720D8 /* MiniGames.app */;
			productType = "com.apple.product-type.application";
		};
/* End PBXNativeTarget section */

/* Begin PBXProject section */
		E834381A27FD243600B720D8 /* Project object */ = {
			isa = PBXProject;
			attributes = {
				BuildIndependentTargetsInParallel = 1;
				LastSwiftUpdateCheck = 1330;
				LastUpgradeCheck = 1330;
				TargetAttributes = {
					E834382127FD243600B720D8 = {
						CreatedOnToolsVersion = 13.3;
					};
				};
			};
			buildConfigurationList = E834381D27FD243600B720D8 /* Build configuration list for PBXProject "MiniGames" */;
			compatibilityVersion = "Xcode 13.0";
			developmentRegion = en;
			hasScannedForEncodings = 0;
			knownRegions = (
				en,
				Base,
			);
			mainGroup = E834381927FD243600B720D8;
			productRefGroup = E834382327FD243600B720D8 /* Products */;
			projectDirPath = "";
			projectRoot = "";
			targets = (
				E834382127FD243600B720D8 /* MiniGames */,
			);
		};
/* End PBXProject section */

/* Begin PBXResourcesBuildPhase section */
		E834382027FD243600B720D8 /* Resources */ = {
			isa = PBXResourcesBuildPhase;
			buildActionMask = 2147483647;
			files = (
				E834383227FD243700B720D8 /* LaunchScreen.storyboard in Resources */,
				E834382F27FD243700B720D8 /* Assets.xcassets in Resources */,
				E834382D27FD243600B720D8 /* Main.storyboard in Resources */,
			);
			runOnlyForDeploymentPostprocessing = 0;
		};
/* End PBXResourcesBuildPhase section */

/* Begin PBXSourcesBuildPhase section */
		E834381E27FD243600B720D8 /* Sources */ = {
			isa = PBXSourcesBuildPhase;
			buildActionMask = 2147483647;
			files = (
				E834383A27FD254A00B720D8 /* EnteranceViewController.swift in Sources */,
				E834382627FD243600B720D8 /* AppDelegate.swift in Sources */,
				E834383D27FD399900B720D8 /* MineSweeperViewController.swift in Sources */,
				E834383F27FD39D700B720D8 /* MineSweeper.swift in Sources */,
				E834382827FD243600B720D8 /* SceneDelegate.swift in Sources */,
			);
			runOnlyForDeploymentPostprocessing = 0;
		};
/* End PBXSourcesBuildPhase section */

/* Begin PBXVariantGroup section */
		E834382B27FD243600B720D8 /* Main.storyboard */ = {
			isa = PBXVariantGroup;
			children = (
				E834382C27FD243600B720D8 /* Base */,
			);
			name = Main.storyboard;
			sourceTree = "<group>";
		};
		E834383027FD243700B720D8 /* LaunchScreen.storyboard */ = {
			isa = PBXVariantGroup;
			children = (
				E834383127FD243700B720D8 /* Base */,
			);
			name = LaunchScreen.storyboard;
			sourceTree = "<group>";
		};
/* End PBXVariantGroup section */

/* Begin XCBuildConfiguration section */
		E834383427FD243700B720D8 /* Debug */ = {
			isa = XCBuildConfiguration;
			buildSettings = {
				ALWAYS_SEARCH_USER_PATHS = NO;
				CLANG_ANALYZER_NONNULL = YES;
				CLANG_ANALYZER_NUMBER_OBJECT_CONVERSION = YES_AGGRESSIVE;
				CLANG_CXX_LANGUAGE_STANDARD = "gnu++17";
				CLANG_ENABLE_MODULES = YES;
				CLANG_ENABLE_OBJC_ARC = YES;
				CLANG_ENABLE_OBJC_WEAK = YES;
				CLANG_WARN_BLOCK_CAPTURE_AUTORELEASING = YES;
				CLANG_WARN_BOOL_CONVERSION = YES;
				CLANG_WARN_COMMA = YES;
				CLANG_WARN_CONSTANT_CONVERSION = YES;
				CLANG_WARN_DEPRECATED_OBJC_IMPLEMENTATIONS = YES;
				CLANG_WARN_DIRECT_OBJC_ISA_USAGE = YES_ERROR;
				CLANG_WARN_DOCUMENTATION_COMMENTS = YES;
				CLANG_WARN_EMPTY_BODY = YES;
				CLANG_WARN_ENUM_CONVERSION = YES;
				CLANG_WARN_INFINITE_RECURSION = YES;
				CLANG_WARN_INT_CONVERSION = YES;
				CLANG_WARN_NON_LITERAL_NULL_CONVERSION = YES;
				CLANG_WARN_OBJC_IMPLICIT_RETAIN_SELF = YES;
				CLANG_WARN_OBJC_LITERAL_CONVERSION = YES;
				CLANG_WARN_OBJC_ROOT_CLASS = YES_ERROR;
				CLANG_WARN_QUOTED_INCLUDE_IN_FRAMEWORK_HEADER = YES;
				CLANG_WARN_RANGE_LOOP_ANALYSIS = YES;
				CLANG_WARN_STRICT_PROTOTYPES = YES;
				CLANG_WARN_SUSPICIOUS_MOVE = YES;
				CLANG_WARN_UNGUARDED_AVAILABILITY = YES_AGGRESSIVE;
				CLANG_WARN_UNREACHABLE_CODE = YES;
				CLANG_WARN__DUPLICATE_METHOD_MATCH = YES;
				COPY_PHASE_STRIP = NO;
				DEBUG_INFORMATION_FORMAT = dwarf;
				ENABLE_STRICT_OBJC_MSGSEND = YES;
				ENABLE_TESTABILITY = YES;
				GCC_C_LANGUAGE_STANDARD = gnu11;
				GCC_DYNAMIC_NO_PIC = NO;
				GCC_NO_COMMON_BLOCKS = YES;
				GCC_OPTIMIZATION_LEVEL = 0;
				GCC_PREPROCESSOR_DEFINITIONS = (
					"DEBUG=1",
					"$(inherited)",
				);
				GCC_WARN_64_TO_32_BIT_CONVERSION = YES;
				GCC_WARN_ABOUT_RETURN_TYPE = YES_ERROR;
				GCC_WARN_UNDECLARED_SELECTOR = YES;
				GCC_WARN_UNINITIALIZED_AUTOS = YES_AGGRESSIVE;
				GCC_WARN_UNUSED_FUNCTION = YES;
				GCC_WARN_UNUSED_VARIABLE = YES;
				IPHONEOS_DEPLOYMENT_TARGET = 15.4;
				MTL_ENABLE_DEBUG_INFO = INCLUDE_SOURCE;
				MTL_FAST_MATH = YES;
				ONLY_ACTIVE_ARCH = YES;
				SDKROOT = iphoneos;
				SWIFT_ACTIVE_COMPILATION_CONDITIONS = DEBUG;
				SWIFT_OPTIMIZATION_LEVEL = "-Onone";
			};
			name = Debug;
		};
		E834383527FD243700B720D8 /* Release */ = {
			isa = XCBuildConfiguration;
			buildSettings = {
				ALWAYS_SEARCH_USER_PATHS = NO;
				CLANG_ANALYZER_NONNULL = YES;
				CLANG_ANALYZER_NUMBER_OBJECT_CONVERSION = YES_AGGRESSIVE;
				CLANG_CXX_LANGUAGE_STANDARD = "gnu++17";
				CLANG_ENABLE_MODULES = YES;
				CLANG_ENABLE_OBJC_ARC = YES;
				CLANG_ENABLE_OBJC_WEAK = YES;
				CLANG_WARN_BLOCK_CAPTURE_AUTORELEASING = YES;
				CLANG_WARN_BOOL_CONVERSION = YES;
				CLANG_WARN_COMMA = YES;
				CLANG_WARN_CONSTANT_CONVERSION = YES;
				CLANG_WARN_DEPRECATED_OBJC_IMPLEMENTATIONS = YES;
				CLANG_WARN_DIRECT_OBJC_ISA_USAGE = YES_ERROR;
				CLANG_WARN_DOCUMENTATION_COMMENTS = YES;
				CLANG_WARN_EMPTY_BODY = YES;
				CLANG_WARN_ENUM_CONVERSION = YES;
				CLANG_WARN_INFINITE_RECURSION = YES;
				CLANG_WARN_INT_CONVERSION = YES;
				CLANG_WARN_NON_LITERAL_NULL_CONVERSION = YES;
				CLANG_WARN_OBJC_IMPLICIT_RETAIN_SELF = YES;
				CLANG_WARN_OBJC_LITERAL_CONVERSION = YES;
				CLANG_WARN_OBJC_ROOT_CLASS = YES_ERROR;
				CLANG_WARN_QUOTED_INCLUDE_IN_FRAMEWORK_HEADER = YES;
				CLANG_WARN_RANGE_LOOP_ANALYSIS = YES;
				CLANG_WARN_STRICT_PROTOTYPES = YES;
				CLANG_WARN_SUSPICIOUS_MOVE = YES;
				CLANG_WARN_UNGUARDED_AVAILABILITY = YES_AGGRESSIVE;
				CLANG_WARN_UNREACHABLE_CODE = YES;
				CLANG_WARN__DUPLICATE_METHOD_MATCH = YES;
				COPY_PHASE_STRIP = NO;
				DEBUG_INFORMATION_FORMAT = "dwarf-with-dsym";
				ENABLE_NS_ASSERTIONS = NO;
				ENABLE_STRICT_OBJC_MSGSEND = YES;
				GCC_C_LANGUAGE_STANDARD = gnu11;
				GCC_NO_COMMON_BLOCKS = YES;
				GCC_WARN_64_TO_32_BIT_CONVERSION = YES;
				GCC_WARN_ABOUT_RETURN_TYPE = YES_ERROR;
				GCC_WARN_UNDECLARED_SELECTOR = YES;
				GCC_WARN_UNINITIALIZED_AUTOS = YES_AGGRESSIVE;
				GCC_WARN_UNUSED_FUNCTION = YES;
				GCC_WARN_UNUSED_VARIABLE = YES;
				IPHONEOS_DEPLOYMENT_TARGET = 15.4;
				MTL_ENABLE_DEBUG_INFO = NO;
				MTL_FAST_MATH = YES;
				SDKROOT = iphoneos;
				SWIFT_COMPILATION_MODE = wholemodule;
				SWIFT_OPTIMIZATION_LEVEL = "-O";
				VALIDATE_PRODUCT = YES;
			};
			name = Release;
		};
		E834383727FD243700B720D8 /* Debug */ = {
			isa = XCBuildConfiguration;
			buildSettings = {
				ASSETCATALOG_COMPILER_APPICON_NAME = AppIcon;
				ASSETCATALOG_COMPILER_GLOBAL_ACCENT_COLOR_NAME = AccentColor;
				CODE_SIGN_STYLE = Automatic;
				CURRENT_PROJECT_VERSION = 1;
				DEVELOPMENT_TEAM = FL83L2KE9A;
				GENERATE_INFOPLIST_FILE = YES;
				INFOPLIST_FILE = MiniGames/Info.plist;
				INFOPLIST_KEY_UIApplicationSupportsIndirectInputEvents = YES;
				INFOPLIST_KEY_UILaunchStoryboardName = LaunchScreen;
				INFOPLIST_KEY_UIMainStoryboardFile = Main;
				INFOPLIST_KEY_UISupportedInterfaceOrientations = "UIInterfaceOrientationLandscapeLeft UIInterfaceOrientationLandscapeRight";
				INFOPLIST_KEY_UISupportedInterfaceOrientations_iPad = "UIInterfaceOrientationLandscapeLeft UIInterfaceOrientationLandscapeRight";
				INFOPLIST_KEY_UISupportedInterfaceOrientations_iPhone = "UIInterfaceOrientationLandscapeLeft UIInterfaceOrientationLandscapeRight";
				IPHONEOS_DEPLOYMENT_TARGET = 13.0;
				LD_RUNPATH_SEARCH_PATHS = (
					"$(inherited)",
					"@executable_path/Frameworks",
				);
				MARKETING_VERSION = 1.0;
				PRODUCT_BUNDLE_IDENTIFIER = net.zzqlplq.MiniGames;
				PRODUCT_NAME = "$(TARGET_NAME)";
				SWIFT_EMIT_LOC_STRINGS = YES;
				SWIFT_VERSION = 5.0;
				TARGETED_DEVICE_FAMILY = "1,2";
			};
			name = Debug;
		};
		E834383827FD243700B720D8 /* Release */ = {
			isa = XCBuildConfiguration;
			buildSettings = {
				ASSETCATALOG_COMPILER_APPICON_NAME = AppIcon;
				ASSETCATALOG_COMPILER_GLOBAL_ACCENT_COLOR_NAME = AccentColor;
				CODE_SIGN_STYLE = Automatic;
				CURRENT_PROJECT_VERSION = 1;
				DEVELOPMENT_TEAM = FL83L2KE9A;
				GENERATE_INFOPLIST_FILE = YES;
				INFOPLIST_FILE = MiniGames/Info.plist;
				INFOPLIST_KEY_UIApplicationSupportsIndirectInputEvents = YES;
				INFOPLIST_KEY_UILaunchStoryboardName = LaunchScreen;
				INFOPLIST_KEY_UIMainStoryboardFile = Main;
				INFOPLIST_KEY_UISupportedInterfaceOrientations = "UIInterfaceOrientationLandscapeLeft UIInterfaceOrientationLandscapeRight";
				INFOPLIST_KEY_UISupportedInterfaceOrientations_iPad = "UIInterfaceOrientationLandscapeLeft UIInterfaceOrientationLandscapeRight";
				INFOPLIST_KEY_UISupportedInterfaceOrientations_iPhone = "UIInterfaceOrientationLandscapeLeft UIInterfaceOrientationLandscapeRight";
				IPHONEOS_DEPLOYMENT_TARGET = 13.0;
				LD_RUNPATH_SEARCH_PATHS = (
					"$(inherited)",
					"@executable_path/Frameworks",
				);
				MARKETING_VERSION = 1.0;
				PRODUCT_BUNDLE_IDENTIFIER = net.zzqlplq.MiniGames;
				PRODUCT_NAME = "$(TARGET_NAME)";
				SWIFT_EMIT_LOC_STRINGS = YES;
				SWIFT_VERSION = 5.0;
				TARGETED_DEVICE_FAMILY = "1,2";
			};
			name = Release;
		};
/* End XCBuildConfiguration section */

/* Begin XCConfigurationList section */
		E834381D27FD243600B720D8 /* Build configuration list for PBXProject "MiniGames" */ = {
			isa = XCConfigurationList;
			buildConfigurations = (
				E834383427FD243700B720D8 /* Debug */,
				E834383527FD243700B720D8 /* Release */,
			);
			defaultConfigurationIsVisible = 0;
			defaultConfigurationName = Release;
		};
		E834383627FD243700B720D8 /* Build configuration list for PBXNativeTarget "MiniGames" */ = {
			isa = XCConfigurationList;
			buildConfigurations = (
				E834383727FD243700B720D8 /* Debug */,
				E834383827FD243700B720D8 /* Release */,
			);
			defaultConfigurationIsVisible = 0;
			defaultConfigurationName = Release;
		};
/* End XCConfigurationList section */
	};
	rootObject = E834381A27FD243600B720D8 /* Project object */;
}
